
Microsoft Visual Studio Solution File, Format Version 12.00
Project("{FAE04EC0-301F-11D3-BF4B-00C04F79EFBC}") = "SchoolMedical.Repositories.HoaLQ", "SchoolMedical.Repositories.HoaLQ\SchoolMedical.Repositories.HoaLQ.csproj", "{EB7620B9-1268-4415-938A-71F71FB98694}"
EndProject
Project("{FAE04EC0-301F-11D3-BF4B-00C04F79EFBC}") = "SchoolMedical.Services.HoaLQ", "SchoolMedical.Services.HoaLQ\SchoolMedical.Services.HoaLQ.csproj", "{ED570973-430A-4D0F-9FA6-792361E35A7E}"
EndProject
Project("{FAE04EC0-301F-11D3-BF4B-00C04F79EFBC}") = "SchoolMedical.MVCWebApp.HoaLQ", "SchoolMedical.MVCWebApp.HoaLQ\SchoolMedical.MVCWebApp.HoaLQ.csproj", "{F3DF3296-AF9F-4537-A614-BCC4542248CA}"
EndProject
Global
	GlobalSection(SolutionConfigurationPlatforms) = preSolution
		Debug|Any CPU = Debug|Any CPU
		Release|Any CPU = Release|Any CPU
	EndGlobalSection
	GlobalSection(ProjectConfigurationPlatforms) = postSolution
		{EB7620B9-1268-4415-938A-71F71FB98694}.Debug|Any CPU.ActiveCfg = Debug|Any CPU
		{EB7620B9-1268-4415-938A-71F71FB98694}.Debug|Any CPU.Build.0 = Debug|Any CPU
		{EB7620B9-1268-4415-938A-71F71FB98694}.Release|Any CPU.ActiveCfg = Release|Any CPU
		{EB7620B9-1268-4415-938A-71F71FB98694}.Release|Any CPU.Build.0 = Release|Any CPU
		{ED570973-430A-4D0F-9FA6-792361E35A7E}.Debug|Any CPU.ActiveCfg = Debug|Any CPU
		{ED570973-430A-4D0F-9FA6-792361E35A7E}.Debug|Any CPU.Build.0 = Debug|Any CPU
		{ED570973-430A-4D0F-9FA6-792361E35A7E}.Release|Any CPU.ActiveCfg = Release|Any CPU
		{ED570973-430A-4D0F-9FA6-792361E35A7E}.Release|Any CPU.Build.0 = Release|Any CPU
		{F3DF3296-AF9F-4537-A614-BCC4542248CA}.Debug|Any CPU.ActiveCfg = Debug|Any CPU
		{F3DF3296-AF9F-4537-A614-BCC4542248CA}.Debug|Any CPU.Build.0 = Debug|Any CPU
		{F3DF3296-AF9F-4537-A614-BCC4542248CA}.Release|Any CPU.ActiveCfg = Release|Any CPU
		{F3DF3296-AF9F-4537-A614-BCC4542248CA}.Release|Any CPU.Build.0 = Release|Any CPU
	EndGlobalSection
EndGlobal
